// !$*UTF8*$!
{
	archiveVersion = 1;
	classes = {
	};
	objectVersion = 56;
	objects = {

/* Begin PBXBuildFile section */
		85845A802AE3E0950089F098 /* AppDelegate.swift in Sources */ = {isa = PBXBuildFile; fileRef = 85845A7F2AE3E0950089F098 /* AppDelegate.swift */; };
		85845A842AE3E0950089F098 /* TimerViewController.swift in Sources */ = {isa = PBXBuildFile; fileRef = 85845A832AE3E0950089F098 /* TimerViewController.swift */; };
		85845A892AE3E0960089F098 /* Assets.xcassets in Resources */ = {isa = PBXBuildFile; fileRef = 85845A882AE3E0960089F098 /* Assets.xcassets */; };
		85845A8C2AE3E0960089F098 /* LaunchScreen.storyboard in Resources */ = {isa = PBXBuildFile; fileRef = 85845A8A2AE3E0960089F098 /* LaunchScreen.storyboard */; };
		85845A972AE3E0960089F098 /* PlanerTests.swift in Sources */ = {isa = PBXBuildFile; fileRef = 85845A962AE3E0960089F098 /* PlanerTests.swift */; };
		85845AB42AE516B90089F098 /* Timer.swift in Sources */ = {isa = PBXBuildFile; fileRef = 85845AB32AE516B90089F098 /* Timer.swift */; };
		85845AB62AE517290089F098 /* TimerViewModel.swift in Sources */ = {isa = PBXBuildFile; fileRef = 85845AB52AE517290089F098 /* TimerViewModel.swift */; };
/* End PBXBuildFile section */

/* Begin PBXContainerItemProxy section */
		85845A932AE3E0960089F098 /* PBXContainerItemProxy */ = {
			isa = PBXContainerItemProxy;
			containerPortal = 85845A742AE3E0950089F098 /* Project object */;
			proxyType = 1;
			remoteGlobalIDString = 85845A7B2AE3E0950089F098;
			remoteInfo = Planer;
		};
/* End PBXContainerItemProxy section */

/* Begin PBXFileReference section */
		85845A7C2AE3E0950089F098 /* Planer.app */ = {isa = PBXFileReference; explicitFileType = wrapper.application; includeInIndex = 0; path = Planer.app; sourceTree = BUILT_PRODUCTS_DIR; };
		85845A7F2AE3E0950089F098 /* AppDelegate.swift */ = {isa = PBXFileReference; lastKnownFileType = sourcecode.swift; path = AppDelegate.swift; sourceTree = "<group>"; };
		85845A832AE3E0950089F098 /* TimerViewController.swift */ = {isa = PBXFileReference; lastKnownFileType = sourcecode.swift; path = TimerViewController.swift; sourceTree = "<group>"; };
		85845A882AE3E0960089F098 /* Assets.xcassets */ = {isa = PBXFileReference; lastKnownFileType = folder.assetcatalog; path = Assets.xcassets; sourceTree = "<group>"; };
		85845A8B2AE3E0960089F098 /* Base */ = {isa = PBXFileReference; lastKnownFileType = file.storyboard; name = Base; path = Base.lproj/LaunchScreen.storyboard; sourceTree = "<group>"; };
		85845A8D2AE3E0960089F098 /* Info.plist */ = {isa = PBXFileReference; lastKnownFileType = text.plist.xml; path = Info.plist; sourceTree = "<group>"; };
		85845A922AE3E0960089F098 /* PlanerTests.xctest */ = {isa = PBXFileReference; explicitFileType = wrapper.cfbundle; includeInIndex = 0; path = PlanerTests.xctest; sourceTree = BUILT_PRODUCTS_DIR; };
		85845A962AE3E0960089F098 /* PlanerTests.swift */ = {isa = PBXFileReference; lastKnownFileType = sourcecode.swift; path = PlanerTests.swift; sourceTree = "<group>"; };
		85845AB32AE516B90089F098 /* Timer.swift */ = {isa = PBXFileReference; lastKnownFileType = sourcecode.swift; path = Timer.swift; sourceTree = "<group>"; };
		85845AB52AE517290089F098 /* TimerViewModel.swift */ = {isa = PBXFileReference; lastKnownFileType = sourcecode.swift; path = TimerViewModel.swift; sourceTree = "<group>"; };
/* End PBXFileReference section */

/* Begin PBXFrameworksBuildPhase section */
		85845A792AE3E0950089F098 /* Frameworks */ = {
			isa = PBXFrameworksBuildPhase;
			buildActionMask = 2147483647;
			files = (
			);
			runOnlyForDeploymentPostprocessing = 0;
		};
		85845A8F2AE3E0960089F098 /* Frameworks */ = {
			isa = PBXFrameworksBuildPhase;
			buildActionMask = 2147483647;
			files = (
			);
			runOnlyForDeploymentPostprocessing = 0;
		};
/* End PBXFrameworksBuildPhase section */

/* Begin PBXGroup section */
		85845A732AE3E0950089F098 = {
			isa = PBXGroup;
			children = (
				85845A7E2AE3E0950089F098 /* Planer */,
				85845A952AE3E0960089F098 /* PlanerTests */,
				85845A7D2AE3E0950089F098 /* Products */,
			);
			sourceTree = "<group>";
		};
		85845A7D2AE3E0950089F098 /* Products */ = {
			isa = PBXGroup;
			children = (
				85845A7C2AE3E0950089F098 /* Planer.app */,
				85845A922AE3E0960089F098 /* PlanerTests.xctest */,
			);
			name = Products;
			sourceTree = "<group>";
		};
		85845A7E2AE3E0950089F098 /* Planer */ = {
			isa = PBXGroup;
			children = (
				85845AB12AE515F80089F098 /* Timer */,
				85845AAF2AE3E18E0089F098 /* Application */,
			);
			path = Planer;
			sourceTree = "<group>";
		};
		85845A952AE3E0960089F098 /* PlanerTests */ = {
			isa = PBXGroup;
			children = (
				85845A962AE3E0960089F098 /* PlanerTests.swift */,
			);
			path = PlanerTests;
			sourceTree = "<group>";
		};
		85845AAF2AE3E18E0089F098 /* Application */ = {
			isa = PBXGroup;
			children = (
				85845AB02AE3E19F0089F098 /* Resources */,
				85845A8D2AE3E0960089F098 /* Info.plist */,
				85845A8A2AE3E0960089F098 /* LaunchScreen.storyboard */,
				85845A7F2AE3E0950089F098 /* AppDelegate.swift */,
			);
			path = Application;
			sourceTree = "<group>";
		};
		85845AB02AE3E19F0089F098 /* Resources */ = {
			isa = PBXGroup;
			children = (
				85845A882AE3E0960089F098 /* Assets.xcassets */,
			);
			path = Resources;
			sourceTree = "<group>";
		};
		85845AB12AE515F80089F098 /* Timer */ = {
			isa = PBXGroup;
			children = (
				85845AB22AE516960089F098 /* Model */,
				85845A832AE3E0950089F098 /* TimerViewController.swift */,
				85845AB52AE517290089F098 /* TimerViewModel.swift */,
			);
			path = Timer;
			sourceTree = "<group>";
		};
		85845AB22AE516960089F098 /* Model */ = {
			isa = PBXGroup;
			children = (
				85845AB32AE516B90089F098 /* Timer.swift */,
			);
			path = Model;
			sourceTree = "<group>";
		};
/* End PBXGroup section */

/* Begin PBXNativeTarget section */
		85845A7B2AE3E0950089F098 /* Planer */ = {
			isa = PBXNativeTarget;
			buildConfigurationList = 85845AA62AE3E0960089F098 /* Build configuration list for PBXNativeTarget "Planer" */;
			buildPhases = (
				85845A782AE3E0950089F098 /* Sources */,
				85845A792AE3E0950089F098 /* Frameworks */,
				85845A7A2AE3E0950089F098 /* Resources */,
			);
			buildRules = (
			);
			dependencies = (
			);
			name = Planer;
			productName = Planer;
			productReference = 85845A7C2AE3E0950089F098 /* Planer.app */;
			productType = "com.apple.product-type.application";
		};
		85845A912AE3E0960089F098 /* PlanerTests */ = {
			isa = PBXNativeTarget;
			buildConfigurationList = 85845AA92AE3E0960089F098 /* Build configuration list for PBXNativeTarget "PlanerTests" */;
			buildPhases = (
				85845A8E2AE3E0960089F098 /* Sources */,
				85845A8F2AE3E0960089F098 /* Frameworks */,
				85845A902AE3E0960089F098 /* Resources */,
			);
			buildRules = (
			);
			dependencies = (
				85845A942AE3E0960089F098 /* PBXTargetDependency */,
			);
			name = PlanerTests;
			productName = PlanerTests;
			productReference = 85845A922AE3E0960089F098 /* PlanerTests.xctest */;
			productType = "com.apple.product-type.bundle.unit-test";
		};
/* End PBXNativeTarget section */

/* Begin PBXProject section */
		85845A742AE3E0950089F098 /* Project object */ = {
			isa = PBXProject;
			attributes = {
				BuildIndependentTargetsInParallel = 1;
				LastSwiftUpdateCheck = 1500;
				LastUpgradeCheck = 1500;
				TargetAttributes = {
					85845A7B2AE3E0950089F098 = {
						CreatedOnToolsVersion = 15.0;
					};
					85845A912AE3E0960089F098 = {
						CreatedOnToolsVersion = 15.0;
						TestTargetID = 85845A7B2AE3E0950089F098;
					};
				};
			};
			buildConfigurationList = 85845A772AE3E0950089F098 /* Build configuration list for PBXProject "Planer" */;
			compatibilityVersion = "Xcode 14.0";
			developmentRegion = en;
			hasScannedForEncodings = 0;
			knownRegions = (
				en,
				Base,
			);
			mainGroup = 85845A732AE3E0950089F098;
			productRefGroup = 85845A7D2AE3E0950089F098 /* Products */;
			projectDirPath = "";
			projectRoot = "";
			targets = (
				85845A7B2AE3E0950089F098 /* Planer */,
				85845A912AE3E0960089F098 /* PlanerTests */,
			);
		};
/* End PBXProject section */

/* Begin PBXResourcesBuildPhase section */
		85845A7A2AE3E0950089F098 /* Resources */ = {
			isa = PBXResourcesBuildPhase;
			buildActionMask = 2147483647;
			files = (
				85845A8C2AE3E0960089F098 /* LaunchScreen.storyboard in Resources */,
				85845A892AE3E0960089F098 /* Assets.xcassets in Resources */,
			);
			runOnlyForDeploymentPostprocessing = 0;
		};
		85845A902AE3E0960089F098 /* Resources */ = {
			isa = PBXResourcesBuildPhase;
			buildActionMask = 2147483647;
			files = (
			);
			runOnlyForDeploymentPostprocessing = 0;
		};
/* End PBXResourcesBuildPhase section */

/* Begin PBXSourcesBuildPhase section */
		85845A782AE3E0950089F098 /* Sources */ = {
			isa = PBXSourcesBuildPhase;
			buildActionMask = 2147483647;
			files = (
				85845AB62AE517290089F098 /* TimerViewModel.swift in Sources */,
				85845AB42AE516B90089F098 /* Timer.swift in Sources */,
				85845A842AE3E0950089F098 /* TimerViewController.swift in Sources */,
				85845A802AE3E0950089F098 /* AppDelegate.swift in Sources */,
			);
			runOnlyForDeploymentPostprocessing = 0;
		};
		85845A8E2AE3E0960089F098 /* Sources */ = {
			isa = PBXSourcesBuildPhase;
			buildActionMask = 2147483647;
			files = (
				85845A972AE3E0960089F098 /* PlanerTests.swift in Sources */,
			);
			runOnlyForDeploymentPostprocessing = 0;
		};
/* End PBXSourcesBuildPhase section */

/* Begin PBXTargetDependency section */
		85845A942AE3E0960089F098 /* PBXTargetDependency */ = {
			isa = PBXTargetDependency;
			target = 85845A7B2AE3E0950089F098 /* Planer */;
			targetProxy = 85845A932AE3E0960089F098 /* PBXContainerItemProxy */;
		};
/* End PBXTargetDependency section */

/* Begin PBXVariantGroup section */
		85845A8A2AE3E0960089F098 /* LaunchScreen.storyboard */ = {
			isa = PBXVariantGroup;
			children = (
				85845A8B2AE3E0960089F098 /* Base */,
			);
			name = LaunchScreen.storyboard;
			sourceTree = "<group>";
		};
/* End PBXVariantGroup section */

/* Begin XCBuildConfiguration section */
		85845AA42AE3E0960089F098 /* Debug */ = {
			isa = XCBuildConfiguration;
			buildSettings = {
				ALWAYS_SEARCH_USER_PATHS = NO;
				ASSETCATALOG_COMPILER_GENERATE_SWIFT_ASSET_SYMBOL_EXTENSIONS = YES;
				CLANG_ANALYZER_NONNULL = YES;
				CLANG_ANALYZER_NUMBER_OBJECT_CONVERSION = YES_AGGRESSIVE;
				CLANG_CXX_LANGUAGE_STANDARD = "gnu++20";
				CLANG_ENABLE_MODULES = YES;
				CLANG_ENABLE_OBJC_ARC = YES;
				CLANG_ENABLE_OBJC_WEAK = YES;
				CLANG_WARN_BLOCK_CAPTURE_AUTORELEASING = YES;
				CLANG_WARN_BOOL_CONVERSION = YES;
				CLANG_WARN_COMMA = YES;
				CLANG_WARN_CONSTANT_CONVERSION = YES;
				CLANG_WARN_DEPRECATED_OBJC_IMPLEMENTATIONS = YES;
				CLANG_WARN_DIRECT_OBJC_ISA_USAGE = YES_ERROR;
				CLANG_WARN_DOCUMENTATION_COMMENTS = YES;
				CLANG_WARN_EMPTY_BODY = YES;
				CLANG_WARN_ENUM_CONVERSION = YES;
				CLANG_WARN_INFINITE_RECURSION = YES;
				CLANG_WARN_INT_CONVERSION = YES;
				CLANG_WARN_NON_LITERAL_NULL_CONVERSION = YES;
				CLANG_WARN_OBJC_IMPLICIT_RETAIN_SELF = YES;
				CLANG_WARN_OBJC_LITERAL_CONVERSION = YES;
				CLANG_WARN_OBJC_ROOT_CLASS = YES_ERROR;
				CLANG_WARN_QUOTED_INCLUDE_IN_FRAMEWORK_HEADER = YES;
				CLANG_WARN_RANGE_LOOP_ANALYSIS = YES;
				CLANG_WARN_STRICT_PROTOTYPES = YES;
				CLANG_WARN_SUSPICIOUS_MOVE = YES;
				CLANG_WARN_UNGUARDED_AVAILABILITY = YES_AGGRESSIVE;
				CLANG_WARN_UNREACHABLE_CODE = YES;
				CLANG_WARN__DUPLICATE_METHOD_MATCH = YES;
				COPY_PHASE_STRIP = NO;
				DEBUG_INFORMATION_FORMAT = dwarf;
				ENABLE_STRICT_OBJC_MSGSEND = YES;
				ENABLE_TESTABILITY = YES;
				ENABLE_USER_SCRIPT_SANDBOXING = YES;
				GCC_C_LANGUAGE_STANDARD = gnu17;
				GCC_DYNAMIC_NO_PIC = NO;
				GCC_NO_COMMON_BLOCKS = YES;
				GCC_OPTIMIZATION_LEVEL = 0;
				GCC_PREPROCESSOR_DEFINITIONS = (
					"DEBUG=1",
					"$(inherited)",
				);
				GCC_WARN_64_TO_32_BIT_CONVERSION = YES;
				GCC_WARN_ABOUT_RETURN_TYPE = YES_ERROR;
				GCC_WARN_UNDECLARED_SELECTOR = YES;
				GCC_WARN_UNINITIALIZED_AUTOS = YES_AGGRESSIVE;
				GCC_WARN_UNUSED_FUNCTION = YES;
				GCC_WARN_UNUSED_VARIABLE = YES;
				IPHONEOS_DEPLOYMENT_TARGET = 17.0;
				LOCALIZATION_PREFERS_STRING_CATALOGS = YES;
				MTL_ENABLE_DEBUG_INFO = INCLUDE_SOURCE;
				MTL_FAST_MATH = YES;
				ONLY_ACTIVE_ARCH = YES;
				SDKROOT = iphoneos;
				SWIFT_ACTIVE_COMPILATION_CONDITIONS = "DEBUG $(inherited)";
				SWIFT_OPTIMIZATION_LEVEL = "-Onone";
			};
			name = Debug;
		};
		85845AA52AE3E0960089F098 /* Release */ = {
			isa = XCBuildConfiguration;
			buildSettings = {
				ALWAYS_SEARCH_USER_PATHS = NO;
				ASSETCATALOG_COMPILER_GENERATE_SWIFT_ASSET_SYMBOL_EXTENSIONS = YES;
				CLANG_ANALYZER_NONNULL = YES;
				CLANG_ANALYZER_NUMBER_OBJECT_CONVERSION = YES_AGGRESSIVE;
				CLANG_CXX_LANGUAGE_STANDARD = "gnu++20";
				CLANG_ENABLE_MODULES = YES;
				CLANG_ENABLE_OBJC_ARC = YES;
				CLANG_ENABLE_OBJC_WEAK = YES;
				CLANG_WARN_BLOCK_CAPTURE_AUTORELEASING = YES;
				CLANG_WARN_BOOL_CONVERSION = YES;
				CLANG_WARN_COMMA = YES;
				CLANG_WARN_CONSTANT_CONVERSION = YES;
				CLANG_WARN_DEPRECATED_OBJC_IMPLEMENTATIONS = YES;
				CLANG_WARN_DIRECT_OBJC_ISA_USAGE = YES_ERROR;
				CLANG_WARN_DOCUMENTATION_COMMENTS = YES;
				CLANG_WARN_EMPTY_BODY = YES;
				CLANG_WARN_ENUM_CONVERSION = YES;
				CLANG_WARN_INFINITE_RECURSION = YES;
				CLANG_WARN_INT_CONVERSION = YES;
				CLANG_WARN_NON_LITERAL_NULL_CONVERSION = YES;
				CLANG_WARN_OBJC_IMPLICIT_RETAIN_SELF = YES;
				CLANG_WARN_OBJC_LITERAL_CONVERSION = YES;
				CLANG_WARN_OBJC_ROOT_CLASS = YES_ERROR;
				CLANG_WARN_QUOTED_INCLUDE_IN_FRAMEWORK_HEADER = YES;
				CLANG_WARN_RANGE_LOOP_ANALYSIS = YES;
				CLANG_WARN_STRICT_PROTOTYPES = YES;
				CLANG_WARN_SUSPICIOUS_MOVE = YES;
				CLANG_WARN_UNGUARDED_AVAILABILITY = YES_AGGRESSIVE;
				CLANG_WARN_UNREACHABLE_CODE = YES;
				CLANG_WARN__DUPLICATE_METHOD_MATCH = YES;
				COPY_PHASE_STRIP = NO;
				DEBUG_INFORMATION_FORMAT = "dwarf-with-dsym";
				ENABLE_NS_ASSERTIONS = NO;
				ENABLE_STRICT_OBJC_MSGSEND = YES;
				ENABLE_USER_SCRIPT_SANDBOXING = YES;
				GCC_C_LANGUAGE_STANDARD = gnu17;
				GCC_NO_COMMON_BLOCKS = YES;
				GCC_WARN_64_TO_32_BIT_CONVERSION = YES;
				GCC_WARN_ABOUT_RETURN_TYPE = YES_ERROR;
				GCC_WARN_UNDECLARED_SELECTOR = YES;
				GCC_WARN_UNINITIALIZED_AUTOS = YES_AGGRESSIVE;
				GCC_WARN_UNUSED_FUNCTION = YES;
				GCC_WARN_UNUSED_VARIABLE = YES;
				IPHONEOS_DEPLOYMENT_TARGET = 17.0;
				LOCALIZATION_PREFERS_STRING_CATALOGS = YES;
				MTL_ENABLE_DEBUG_INFO = NO;
				MTL_FAST_MATH = YES;
				SDKROOT = iphoneos;
				SWIFT_COMPILATION_MODE = wholemodule;
				VALIDATE_PRODUCT = YES;
			};
			name = Release;
		};
		85845AA72AE3E0960089F098 /* Debug */ = {
			isa = XCBuildConfiguration;
			buildSettings = {
				ASSETCATALOG_COMPILER_APPICON_NAME = AppIcon;
				ASSETCATALOG_COMPILER_GLOBAL_ACCENT_COLOR_NAME = AccentColor;
				CODE_SIGN_STYLE = Automatic;
				CURRENT_PROJECT_VERSION = 1;
				DEVELOPMENT_TEAM = T94XUBZ99A;
				GENERATE_INFOPLIST_FILE = YES;
				INFOPLIST_FILE = Planer/Application/Info.plist;
				INFOPLIST_KEY_UIApplicationSupportsIndirectInputEvents = YES;
				INFOPLIST_KEY_UILaunchStoryboardName = LaunchScreen;
				INFOPLIST_KEY_UISupportedInterfaceOrientations = UIInterfaceOrientationPortrait;
				INFOPLIST_KEY_UISupportedInterfaceOrientations_iPad = "UIInterfaceOrientationLandscapeLeft UIInterfaceOrientationLandscapeRight UIInterfaceOrientationPortrait UIInterfaceOrientationPortraitUpsideDown";
				IPHONEOS_DEPLOYMENT_TARGET = 15.0;
				LD_RUNPATH_SEARCH_PATHS = (
					"$(inherited)",
					"@executable_path/Frameworks",
				);
				MARKETING_VERSION = 1.0;
				PRODUCT_BUNDLE_IDENTIFIER = ru.maker.Planer;
				PRODUCT_NAME = "$(TARGET_NAME)";
				SWIFT_EMIT_LOC_STRINGS = YES;
				SWIFT_VERSION = 5.0;
				TARGETED_DEVICE_FAMILY = "1,2";
			};
			name = Debug;
		};
		85845AA82AE3E0960089F098 /* Release */ = {
			isa = XCBuildConfiguration;
			buildSettings = {
				ASSETCATALOG_COMPILER_APPICON_NAME = AppIcon;
				ASSETCATALOG_COMPILER_GLOBAL_ACCENT_COLOR_NAME = AccentColor;
				CODE_SIGN_STYLE = Automatic;
				CURRENT_PROJECT_VERSION = 1;
				DEVELOPMENT_TEAM = T94XUBZ99A;
				GENERATE_INFOPLIST_FILE = YES;
				INFOPLIST_FILE = Planer/Application/Info.plist;
				INFOPLIST_KEY_UIApplicationSupportsIndirectInputEvents = YES;
				INFOPLIST_KEY_UILaunchStoryboardName = LaunchScreen;
				INFOPLIST_KEY_UISupportedInterfaceOrientations = UIInterfaceOrientationPortrait;
				INFOPLIST_KEY_UISupportedInterfaceOrientations_iPad = "UIInterfaceOrientationLandscapeLeft UIInterfaceOrientationLandscapeRight UIInterfaceOrientationPortrait UIInterfaceOrientationPortraitUpsideDown";
				IPHONEOS_DEPLOYMENT_TARGET = 15.0;
				LD_RUNPATH_SEARCH_PATHS = (
					"$(inherited)",
					"@executable_path/Frameworks",
				);
				MARKETING_VERSION = 1.0;
				PRODUCT_BUNDLE_IDENTIFIER = ru.maker.Planer;
				PRODUCT_NAME = "$(TARGET_NAME)";
				SWIFT_EMIT_LOC_STRINGS = YES;
				SWIFT_VERSION = 5.0;
				TARGETED_DEVICE_FAMILY = "1,2";
			};
			name = Release;
		};
		85845AAA2AE3E0960089F098 /* Debug */ = {
			isa = XCBuildConfiguration;
			buildSettings = {
				ALWAYS_EMBED_SWIFT_STANDARD_LIBRARIES = YES;
				BUNDLE_LOADER = "$(TEST_HOST)";
				CODE_SIGN_STYLE = Automatic;
				CURRENT_PROJECT_VERSION = 1;
				DEVELOPMENT_TEAM = T94XUBZ99A;
				GENERATE_INFOPLIST_FILE = YES;
				IPHONEOS_DEPLOYMENT_TARGET = 17.0;
				MARKETING_VERSION = 1.0;
				PRODUCT_BUNDLE_IDENTIFIER = ru.maker.PlanerTests;
				PRODUCT_NAME = "$(TARGET_NAME)";
				SWIFT_EMIT_LOC_STRINGS = NO;
				SWIFT_VERSION = 5.0;
				TARGETED_DEVICE_FAMILY = "1,2";
				TEST_HOST = "$(BUILT_PRODUCTS_DIR)/Planer.app/$(BUNDLE_EXECUTABLE_FOLDER_PATH)/Planer";
			};
			name = Debug;
		};
		85845AAB2AE3E0960089F098 /* Release */ = {
			isa = XCBuildConfiguration;
			buildSettings = {
				ALWAYS_EMBED_SWIFT_STANDARD_LIBRARIES = YES;
				BUNDLE_LOADER = "$(TEST_HOST)";
				CODE_SIGN_STYLE = Automatic;
				CURRENT_PROJECT_VERSION = 1;
				DEVELOPMENT_TEAM = T94XUBZ99A;
				GENERATE_INFOPLIST_FILE = YES;
				IPHONEOS_DEPLOYMENT_TARGET = 17.0;
				MARKETING_VERSION = 1.0;
				PRODUCT_BUNDLE_IDENTIFIER = ru.maker.PlanerTests;
				PRODUCT_NAME = "$(TARGET_NAME)";
				SWIFT_EMIT_LOC_STRINGS = NO;
				SWIFT_VERSION = 5.0;
				TARGETED_DEVICE_FAMILY = "1,2";
				TEST_HOST = "$(BUILT_PRODUCTS_DIR)/Planer.app/$(BUNDLE_EXECUTABLE_FOLDER_PATH)/Planer";
			};
			name = Release;
		};
/* End XCBuildConfiguration section */

/* Begin XCConfigurationList section */
		85845A772AE3E0950089F098 /* Build configuration list for PBXProject "Planer" */ = {
			isa = XCConfigurationList;
			buildConfigurations = (
				85845AA42AE3E0960089F098 /* Debug */,
				85845AA52AE3E0960089F098 /* Release */,
			);
			defaultConfigurationIsVisible = 0;
			defaultConfigurationName = Release;
		};
		85845AA62AE3E0960089F098 /* Build configuration list for PBXNativeTarget "Planer" */ = {
			isa = XCConfigurationList;
			buildConfigurations = (
				85845AA72AE3E0960089F098 /* Debug */,
				85845AA82AE3E0960089F098 /* Release */,
			);
			defaultConfigurationIsVisible = 0;
			defaultConfigurationName = Release;
		};
		85845AA92AE3E0960089F098 /* Build configuration list for PBXNativeTarget "PlanerTests" */ = {
			isa = XCConfigurationList;
			buildConfigurations = (
				85845AAA2AE3E0960089F098 /* Debug */,
				85845AAB2AE3E0960089F098 /* Release */,
			);
			defaultConfigurationIsVisible = 0;
			defaultConfigurationName = Release;
		};
/* End XCConfigurationList section */
	};
	rootObject = 85845A742AE3E0950089F098 /* Project object */;
}
